{
  "nodes": {
    "agenix": {
      "inputs": {
        "darwin": [
          "nix-darwin"
        ],
        "home-manager": [
          "home-manager"
        ],
        "nixpkgs": [
          "nixpkgs"
        ],
        "systems": [
          "authentik-nix",
          "systems"
        ]
      },
      "locked": {
        "lastModified": 1762618334,
        "narHash": "sha256-wyT7Pl6tMFbFrs8Lk/TlEs81N6L+VSybPfiIgzU8lbQ=",
        "owner": "ryantm",
        "repo": "agenix",
        "rev": "fcdea223397448d35d9b31f798479227e80183f6",
        "type": "github"
      },
      "original": {
        "owner": "ryantm",
        "repo": "agenix",
        "type": "github"
      }
    },
    "authentik-nix": {
      "inputs": {
        "authentik-src": "authentik-src",
        "flake-compat": [],
        "flake-parts": [
          "flake-parts"
        ],
        "flake-utils": [
          "flake-utils"
        ],
        "napalm": "napalm",
        "nixpkgs": [
          "nixpkgs"
        ],
        "pyproject-build-systems": "pyproject-build-systems",
        "pyproject-nix": "pyproject-nix",
        "systems": "systems",
        "uv2nix": "uv2nix"
      },
      "locked": {
        "lastModified": 1762701457,
        "narHash": "sha256-fWNdWw/iky//zyGpSygNZ+Xpa1ywwrgwniUTEBQCTvI=",
        "owner": "nix-community",
        "repo": "authentik-nix",
        "rev": "c14192ad67d071f88eb5cd7492a9f03b62865642",
        "type": "github"
      },
      "original": {
        "owner": "nix-community",
        "repo": "authentik-nix",
        "type": "github"
      }
    },
    "authentik-src": {
      "flake": false,
      "locked": {
        "lastModified": 1762188128,
        "narHash": "sha256-HowB6DTGCqz770fKYbnE+rQ11XRV0WSNkLD+HSWZwz8=",
        "owner": "goauthentik",
        "repo": "authentik",
        "rev": "70406664dca2a13aabb695094f85471585668cb1",
        "type": "github"
      },
      "original": {
        "owner": "goauthentik",
        "ref": "version/2025.10.1",
        "repo": "authentik",
        "type": "github"
      }
    },
    "bird-nix": {
      "inputs": {
        "flake-utils": [
          "flake-utils"
        ],
        "nixpkgs": [
          "nixpkgs"
        ]
      },
      "locked": {
        "lastModified": 1759331986,
        "narHash": "sha256-+d8xTY8agz72+ANMplTwP2IL6yk2fsgDLS0Di0dKo1U=",
        "owner": "NuschtOS",
        "repo": "bird.nix",
        "rev": "48e0bbf3c221444905f375a94f6a8802f0349c6b",
        "type": "github"
      },
      "original": {
        "owner": "NuschtOS",
        "repo": "bird.nix",
        "type": "github"
      }
    },
    "blobs": {
      "flake": false,
      "locked": {
        "lastModified": 1604995301,
        "narHash": "sha256-wcLzgLec6SGJA8fx1OEN1yV/Py5b+U5iyYpksUY/yLw=",
        "owner": "simple-nixos-mailserver",
        "repo": "blobs",
        "rev": "2cccdf1ca48316f2cfd1c9a0017e8de5a7156265",
        "type": "gitlab"
      },
      "original": {
        "owner": "simple-nixos-mailserver",
        "repo": "blobs",
        "type": "gitlab"
      }
    },
    "crane": {
      "locked": {
        "lastModified": 1754269165,
        "narHash": "sha256-0tcS8FHd4QjbCVoxN9jI+PjHgA4vc/IjkUSp+N3zy0U=",
        "owner": "ipetkov",
        "repo": "crane",
        "rev": "444e81206df3f7d92780680e45858e31d2f07a08",
        "type": "github"
      },
      "original": {
        "owner": "ipetkov",
        "repo": "crane",
        "type": "github"
      }
    },
    "disko": {
      "inputs": {
        "nixpkgs": [
          "nixpkgs"
        ]
      },
      "locked": {
        "lastModified": 1762276996,
        "narHash": "sha256-TtcPgPmp2f0FAnc+DMEw4ardEgv1SGNR3/WFGH0N19M=",
        "owner": "nix-community",
        "repo": "disko",
        "rev": "af087d076d3860760b3323f6b583f4d828c1ac17",
        "type": "github"
      },
      "original": {
        "owner": "nix-community",
        "repo": "disko",
        "type": "github"
      }
    },
    "dn42-nix": {
      "inputs": {
        "bird": [
          "bird-nix"
        ],
        "nixpkgs": [
          "nixpkgs"
        ]
      },
      "locked": {
        "lastModified": 1759332252,
        "narHash": "sha256-zMPiXQmun2EIefsFlfkvcL6V2TcP0ASCjNbdaTQei68=",
        "owner": "NuschtOS",
        "repo": "dn42.nix",
        "rev": "4f786e87300f5f0361e4b6f3577e323b091d128b",
        "type": "github"
      },
      "original": {
        "owner": "NuschtOS",
        "repo": "dn42.nix",
        "type": "github"
      }
    },
    "flake-parts": {
      "inputs": {
        "nixpkgs-lib": [
          "nixpkgs"
        ]
      },
      "locked": {
        "lastModified": 1762440070,
        "narHash": "sha256-xxdepIcb39UJ94+YydGP221rjnpkDZUlykKuF54PsqI=",
        "owner": "hercules-ci",
        "repo": "flake-parts",
        "rev": "26d05891e14c88eb4a5d5bee659c0db5afb609d8",
        "type": "github"
      },
      "original": {
        "owner": "hercules-ci",
        "repo": "flake-parts",
        "type": "github"
      }
    },
    "flake-utils": {
      "inputs": {
        "systems": [
          "authentik-nix",
          "systems"
        ]
      },
      "locked": {
        "lastModified": 1731533236,
        "narHash": "sha256-l0KFg5HjrsfsO/JpG+r7fRrqm12kzFHyUHqHCVpMMbI=",
        "owner": "numtide",
        "repo": "flake-utils",
        "rev": "11707dc2f618dd54ca8739b309ec4fc024de578b",
        "type": "github"
      },
      "original": {
        "owner": "numtide",
        "repo": "flake-utils",
        "type": "github"
      }
    },
    "git-hooks": {
      "inputs": {
        "flake-compat": [
          "simple-nixos-mailserver",
          "flake-compat"
        ],
        "gitignore": "gitignore",
        "nixpkgs": [
          "simple-nixos-mailserver",
          "nixpkgs"
        ]
      },
      "locked": {
        "lastModified": 1762441963,
        "narHash": "sha256-j+rNQ119ffYUkYt2YYS6rnd6Jh/crMZmbqpkGLXaEt0=",
        "owner": "cachix",
        "repo": "git-hooks.nix",
        "rev": "8e7576e79b88c16d7ee3bbd112c8d90070832885",
        "type": "github"
      },
      "original": {
        "owner": "cachix",
        "repo": "git-hooks.nix",
        "type": "github"
      }
    },
    "gitignore": {
      "inputs": {
        "nixpkgs": [
          "simple-nixos-mailserver",
          "git-hooks",
          "nixpkgs"
        ]
      },
      "locked": {
        "lastModified": 1709087332,
        "narHash": "sha256-HG2cCnktfHsKV0s4XW83gU3F57gaTljL9KNSuG6bnQs=",
        "owner": "hercules-ci",
        "repo": "gitignore.nix",
        "rev": "637db329424fd7e46cf4185293b9cc8c88c95394",
        "type": "github"
      },
      "original": {
        "owner": "hercules-ci",
        "repo": "gitignore.nix",
        "type": "github"
      }
    },
    "home-manager": {
      "inputs": {
        "nixpkgs": [
          "nixpkgs"
        ]
      },
      "locked": {
        "lastModified": 1762787259,
        "narHash": "sha256-t2U/GLLXHa2+kJkwnFNRVc2fEJ/lUfyZXBE5iKzJdcs=",
        "owner": "nix-community",
        "repo": "home-manager",
        "rev": "37a3d97f2873e0f68711117c34d04b7c7ead8f4e",
        "type": "github"
      },
      "original": {
        "owner": "nix-community",
        "repo": "home-manager",
        "type": "github"
      }
    },
    "impermanence": {
      "locked": {
        "lastModified": 1737831083,
        "narHash": "sha256-LJggUHbpyeDvNagTUrdhe/pRVp4pnS6wVKALS782gRI=",
        "owner": "nix-community",
        "repo": "impermanence",
        "rev": "4b3e914cdf97a5b536a889e939fb2fd2b043a170",
        "type": "github"
      },
      "original": {
        "owner": "nix-community",
        "repo": "impermanence",
        "type": "github"
      }
    },
    "ixx": {
      "inputs": {
        "flake-utils": [
          "search",
          "flake-utils"
        ],
        "nixpkgs": [
          "search",
          "nixpkgs"
        ]
      },
      "locked": {
        "lastModified": 1762783003,
        "narHash": "sha256-ItV0VvAd8mhP85MxdBMIX26a5LSaO4tHL3ctZSHIRHA=",
        "owner": "NuschtOS",
        "repo": "ixx",
        "rev": "8abaabdb586ba065391bd5acf5b31a421d5468e8",
        "type": "github"
      },
      "original": {
        "owner": "NuschtOS",
        "ref": "packages",
        "repo": "ixx",
        "type": "github"
      }
    },
    "lanzaboote": {
      "inputs": {
        "crane": "crane",
        "flake-compat": [],
        "flake-parts": [
          "flake-parts"
        ],
        "nixpkgs": [
          "nixpkgs"
        ],
        "pre-commit-hooks-nix": [],
        "rust-overlay": [
          "rust-overlay"
        ]
      },
      "locked": {
        "lastModified": 1762205063,
        "narHash": "sha256-If6vQ+KvtKs3ARBO9G3l+4wFSCYtRBrwX1z+I+B61wQ=",
        "owner": "nix-community",
        "repo": "lanzaboote",
        "rev": "88b8a563ff5704f4e8d8e5118fb911fa2110ca05",
        "type": "github"
      },
      "original": {
        "owner": "nix-community",
        "repo": "lanzaboote",
        "type": "github"
      }
    },
    "microvm": {
      "inputs": {
        "flake-utils": [
          "flake-utils"
        ],
        "nixpkgs": [
          "nixpkgs"
        ],
        "spectrum": "spectrum"
      },
      "locked": {
        "lastModified": 1762200934,
        "narHash": "sha256-Bv4ZKRPsIc6W7qF1I2fevxFETqRNuG3XOsiRIfJ7YlQ=",
        "owner": "microvm-nix",
        "repo": "microvm.nix",
        "rev": "1d05a3c26dbb9d4b1cd644e10713a70d8740cb6a",
        "type": "github"
      },
      "original": {
        "owner": "microvm-nix",
        "repo": "microvm.nix",
        "type": "github"
      }
    },
    "napalm": {
      "inputs": {
        "flake-utils": [
          "authentik-nix",
          "flake-utils"
        ],
        "nixpkgs": [
          "authentik-nix",
          "nixpkgs"
        ]
      },
      "locked": {
        "lastModified": 1725806412,
        "narHash": "sha256-lGZjkjds0p924QEhm/r0BhAxbHBJE1xMOldB/HmQH04=",
        "owner": "willibutz",
        "repo": "napalm",
        "rev": "b492440d9e64ae20736d3bec5c7715ffcbde83f5",
        "type": "github"
      },
      "original": {
        "owner": "willibutz",
        "ref": "avoid-foldl-stack-overflow",
        "repo": "napalm",
        "type": "github"
      }
    },
    "nix-darwin": {
      "inputs": {
        "nixpkgs": [
          "nixpkgs"
        ]
      },
      "locked": {
        "lastModified": 1762627886,
        "narHash": "sha256-/QLk1bzmbcqJt9sU43+y/3tHtXhAy0l8Ck0MoO2+evQ=",
        "owner": "nix-darwin",
        "repo": "nix-darwin",
        "rev": "5125a3cd414dc98bbe2c528227aa6b62ee61f733",
        "type": "github"
      },
      "original": {
        "owner": "nix-darwin",
        "repo": "nix-darwin",
        "type": "github"
      }
    },
    "nix-index-database": {
      "inputs": {
        "nixpkgs": [
          "search",
          "nixpkgs"
        ]
      },
      "locked": {
        "lastModified": 1762660502,
        "narHash": "sha256-C9F1C31ys0V7mnp4EcDy7L1cLZw/sCTEXqqTtGnvu08=",
        "owner": "Mic92",
        "repo": "nix-index-database",
        "rev": "15c5451c63f4c612874a43846bfe3fa828b03eee",
        "type": "github"
      },
      "original": {
        "owner": "Mic92",
        "repo": "nix-index-database",
        "type": "github"
      }
    },
    "nixos-apple-silicon": {
      "inputs": {
        "flake-compat": [],
        "nixpkgs": [
          "nixpkgs"
        ]
      },
      "locked": {
        "lastModified": 1762706659,
        "narHash": "sha256-i7w+rZ6r03BxhxotAuyXBHpngZNEhf+s0CpDRaz/qCo=",
        "owner": "tpwrules",
        "repo": "nixos-apple-silicon",
        "rev": "58083d06711fb6c15bee6cc9468ffc341763bfdc",
        "type": "github"
      },
      "original": {
        "owner": "tpwrules",
        "repo": "nixos-apple-silicon",
        "type": "github"
      }
    },
    "nixos-hardware": {
      "locked": {
        "lastModified": 1762463231,
        "narHash": "sha256-hv1mG5j5PTbnWbtHHomzTus77pIxsc4x8VrMjc7+/YE=",
        "owner": "nixos",
        "repo": "nixos-hardware",
        "rev": "52113c4f5cfd1e823001310e56d9c8d0699a6226",
        "type": "github"
      },
      "original": {
        "owner": "nixos",
        "repo": "nixos-hardware",
        "type": "github"
      }
    },
    "nixos-modules": {
      "inputs": {
        "flake-utils": [
          "flake-utils"
        ],
        "nixpkgs": [
          "nixpkgs"
        ]
      },
      "locked": {
        "lastModified": 1762550498,
        "narHash": "sha256-W1mi5P3vlKmYfxL5Nol/tl1V6Jxj0NsfxUkAPbbEUgQ=",
        "owner": "NuschtOS",
        "repo": "nixos-modules",
        "rev": "3b7d05391e56575be7b335194b86507ee7f94348",
        "type": "github"
      },
      "original": {
        "owner": "NuschtOS",
        "repo": "nixos-modules",
        "type": "github"
      }
    },
    "nixos-wsl": {
      "inputs": {
        "flake-compat": [],
        "nixpkgs": [
          "nixpkgs"
        ]
      },
      "locked": {
        "lastModified": 1762251193,
        "narHash": "sha256-CmSddz8e2kM+ITbYutluhKZyXXwI9Sg2lf7XXSvc8oY=",
        "owner": "nix-community",
        "repo": "NixOS-WSL",
        "rev": "e001844d4553aef268f97b32d3a825b6370eed91",
        "type": "github"
      },
      "original": {
        "owner": "nix-community",
        "repo": "NixOS-WSL",
        "type": "github"
      }
    },
    "nixpkgs": {
      "locked": {
        "lastModified": 1762699042,
        "narHash": "sha256-enFFO3ryrFqxmf7raQ+pwsRlVvDQiNtUJL0KX7IVcxI=",
        "owner": "nuschtos",
        "repo": "nuschtpkgs",
        "rev": "d8c4d56601c4343609a4ead977d357fa11136c2f",
        "type": "github"
      },
      "original": {
        "owner": "nuschtos",
        "ref": "nixos-unstable",
        "repo": "nuschtpkgs",
        "type": "github"
      }
    },
    "nixvim": {
      "inputs": {
        "flake-parts": [
          "flake-parts"
        ],
        "nixpkgs": [
          "nixpkgs"
        ],
        "nuschtosSearch": [
          "search"
        ],
        "systems": [
          "authentik-nix",
          "systems"
        ]
      },
      "locked": {
        "lastModified": 1762789067,
        "narHash": "sha256-z0VQRaEARqF5eARuAFhDixV+g5B+5IJ1iDKSUM+5EIY=",
        "owner": "nix-community",
        "repo": "nixvim",
        "rev": "2dc09e09cc65026f0899cc50291e244ee24835d3",
        "type": "github"
      },
      "original": {
        "owner": "nix-community",
        "repo": "nixvim",
        "type": "github"
      }
    },
    "pyproject-build-systems": {
      "inputs": {
        "nixpkgs": [
          "authentik-nix",
          "nixpkgs"
        ],
        "pyproject-nix": [
          "authentik-nix",
          "pyproject-nix"
        ],
        "uv2nix": [
          "authentik-nix",
          "uv2nix"
        ]
      },
      "locked": {
        "lastModified": 1759113590,
        "narHash": "sha256-fgxP2RCN4cg0jYiMYoETYc7TZ2JjgyvJa2y9l8oSUFE=",
        "owner": "pyproject-nix",
        "repo": "build-system-pkgs",
        "rev": "dbfc0483b5952c6b86e36f8b3afeb9dde30ea4b5",
        "type": "github"
      },
      "original": {
        "owner": "pyproject-nix",
        "repo": "build-system-pkgs",
        "type": "github"
      }
    },
    "pyproject-nix": {
      "inputs": {
        "nixpkgs": [
          "authentik-nix",
          "nixpkgs"
        ]
      },
      "locked": {
        "lastModified": 1760402624,
        "narHash": "sha256-jF6UKLs2uGc2rtved8Vrt58oTWjTQoAssuYs/0578Z4=",
        "owner": "pyproject-nix",
        "repo": "pyproject.nix",
        "rev": "84c4ea102127c77058ea1ed7be7300261fafc7d2",
        "type": "github"
      },
      "original": {
        "owner": "pyproject-nix",
        "repo": "pyproject.nix",
        "type": "github"
      }
    },
    "root": {
      "inputs": {
        "agenix": "agenix",
        "authentik-nix": "authentik-nix",
        "bird-nix": "bird-nix",
        "disko": "disko",
        "dn42-nix": "dn42-nix",
        "flake-parts": "flake-parts",
        "flake-utils": "flake-utils",
        "home-manager": "home-manager",
        "impermanence": "impermanence",
        "lanzaboote": "lanzaboote",
        "microvm": "microvm",
        "nix-darwin": "nix-darwin",
        "nixos-apple-silicon": "nixos-apple-silicon",
        "nixos-hardware": "nixos-hardware",
        "nixos-modules": "nixos-modules",
        "nixos-wsl": "nixos-wsl",
        "nixpkgs": "nixpkgs",
        "nixvim": "nixvim",
        "rust-overlay": "rust-overlay",
        "search": "search",
        "simple-nixos-mailserver": "simple-nixos-mailserver",
        "sops-nix": "sops-nix",
        "tsnsrv": "tsnsrv"
      }
    },
    "rust-overlay": {
      "inputs": {
        "nixpkgs": [
          "nixpkgs"
        ]
      },
      "locked": {
        "lastModified": 1762742448,
        "narHash": "sha256-XMxV0h13gg63s0sV6beihCIqdpcJhtbse6DHI743nvo=",
        "owner": "oxalica",
        "repo": "rust-overlay",
        "rev": "7f3556887e3375dc26ff1601b57c93ee286f2c5e",
        "type": "github"
      },
      "original": {
        "owner": "oxalica",
        "repo": "rust-overlay",
        "type": "github"
      }
    },
    "search": {
      "inputs": {
        "flake-utils": [
          "flake-utils"
        ],
        "ixx": "ixx",
        "nix-index-database": "nix-index-database",
        "nixpkgs": [
          "nixpkgs"
        ]
      },
      "locked": {
        "lastModified": 1762784245,
        "narHash": "sha256-xKMeg+GAbGVTAYk2l+y3qUy2wE7C7ClvulYcn5rF3VE=",
        "owner": "NuschtOS",
        "repo": "search",
        "rev": "13b2a948a96df31104b471cddbb7ce8f43aca4e7",
        "type": "github"
      },
      "original": {
        "owner": "NuschtOS",
        "ref": "packages",
        "repo": "search",
        "type": "github"
      }
    },
    "simple-nixos-mailserver": {
      "inputs": {
        "blobs": "blobs",
        "flake-compat": [],
        "git-hooks": "git-hooks",
        "nixpkgs": [
          "nixpkgs"
        ]
      },
      "locked": {
        "lastModified": 1762740199,
        "narHash": "sha256-B8aMgLj5moqKVDlgxo29Ef2jX9SsUkAQhJalpI9MNgA=",
        "ref": "refs/heads/master",
        "rev": "b633223a33f6aa2a81a8f65ed056be4234bd0822",
        "revCount": 823,
        "type": "git",
        "url": "https://gitlab.com/simple-nixos-mailserver/nixos-mailserver.git"
      },
      "original": {
        "type": "git",
        "url": "https://gitlab.com/simple-nixos-mailserver/nixos-mailserver.git"
      }
    },
    "sops-nix": {
      "inputs": {
        "nixpkgs": [
          "nixpkgs"
        ]
      },
      "locked": {
        "lastModified": 1762659808,
        "narHash": "sha256-2Kv2mANf+FRisqhpfeZ8j9firBxb23ZvEXwdcunbpGI=",
        "owner": "Mic92",
        "repo": "sops-nix",
        "rev": "524312bc62e3f34bd9231a2f66622663d3355133",
        "type": "github"
      },
      "original": {
        "owner": "Mic92",
        "repo": "sops-nix",
        "type": "github"
      }
    },
    "spectrum": {
      "flake": false,
      "locked": {
        "lastModified": 1759482047,
        "narHash": "sha256-H1wiXRQHxxPyMMlP39ce3ROKCwI5/tUn36P8x6dFiiQ=",
        "ref": "refs/heads/main",
        "rev": "c5d5786d3dc938af0b279c542d1e43bce381b4b9",
        "revCount": 996,
        "type": "git",
        "url": "https://spectrum-os.org/git/spectrum"
      },
      "original": {
        "type": "git",
        "url": "https://spectrum-os.org/git/spectrum"
      }
    },
    "systems": {
      "locked": {
        "lastModified": 1689347949,
        "narHash": "sha256-12tWmuL2zgBgZkdoB6qXZsgJEH9LR3oUgpaQq2RbI80=",
        "owner": "nix-systems",
        "repo": "default-linux",
        "rev": "31732fcf5e8fea42e59c2488ad31a0e651500f68",
        "type": "github"
      },
      "original": {
        "owner": "nix-systems",
        "repo": "default-linux",
        "type": "github"
      }
    },
    "tsnsrv": {
      "inputs": {
        "flake-parts": [
          "flake-parts"
        ],
        "nixpkgs": [
          "nixpkgs"
        ]
      },
      "locked": {
        "lastModified": 1759265704,
        "narHash": "sha256-b0d0lfERd3+N/K0oq4YsX2pSMGh5HX5D6ocehEoJjeU=",
        "owner": "boinkor-net",
        "repo": "tsnsrv",
        "rev": "a4e47c178e0bdd4da72fad6f0dd2dea6b89d2d25",
        "type": "github"
      },
      "original": {
        "owner": "boinkor-net",
        "repo": "tsnsrv",
        "type": "github"
      }
    },
    "uv2nix": {
      "inputs": {
        "nixpkgs": [
          "authentik-nix",
          "nixpkgs"
        ],
        "pyproject-nix": [
          "authentik-nix",
          "pyproject-nix"
        ]
      },
      "locked": {
        "lastModified": 1761101082,
        "narHash": "sha256-4Kt3RsfJgg6HzmDCc44ZN//xB8n7KGEGxxt9dNjqPQc=",
        "owner": "pyproject-nix",
        "repo": "uv2nix",
        "rev": "e6e728d9719e989c93e65145fe3f9e0c65a021a2",
        "type": "github"
      },
      "original": {
        "owner": "pyproject-nix",
        "repo": "uv2nix",
        "type": "github"
      }
    }
  },
  "root": "root",
  "version": 7
}
